
Microsoft Visual Studio Solution File, Format Version 12.00
# Visual Studio 15
VisualStudioVersion = 15.0.28307.271
MinimumVisualStudioVersion = 10.0.40219.1
Project("{FAE04EC0-301F-11D3-BF4B-00C04F79EFBC}") = "KnowledgeGraph", "KnowledgeGraph\KnowledgeGraph.csproj", "{317D3791-A7C8-4653-8BB4-918C287639E7}"
EndProject
Project("{FAE04EC0-301F-11D3-BF4B-00C04F79EFBC}") = "KnowledgeGraphSdk", "KnowledgeGraphSdk\KnowledgeGraphSdk.csproj", "{91295F31-05A9-4604-A801-DE1D14DC8330}"
EndProject
Project("{FAE04EC0-301F-11D3-BF4B-00C04F79EFBC}") = "KnowledgeGraphTests", "KnowledgeGraphTests\KnowledgeGraphTests.csproj", "{104173D8-B24D-4CF0-8383-B64CDB75A2DF}"
EndProject
Global
	GlobalSection(SolutionConfigurationPlatforms) = preSolution
		Debug|Any CPU = Debug|Any CPU
		Release|Any CPU = Release|Any CPU
	EndGlobalSection
	GlobalSection(ProjectConfigurationPlatforms) = postSolution
		{317D3791-A7C8-4653-8BB4-918C287639E7}.Debug|Any CPU.ActiveCfg = Debug|Any CPU
		{317D3791-A7C8-4653-8BB4-918C287639E7}.Debug|Any CPU.Build.0 = Debug|Any CPU
		{317D3791-A7C8-4653-8BB4-918C287639E7}.Release|Any CPU.ActiveCfg = Release|Any CPU
		{317D3791-A7C8-4653-8BB4-918C287639E7}.Release|Any CPU.Build.0 = Release|Any CPU
		{91295F31-05A9-4604-A801-DE1D14DC8330}.Debug|Any CPU.ActiveCfg = Debug|Any CPU
		{91295F31-05A9-4604-A801-DE1D14DC8330}.Debug|Any CPU.Build.0 = Debug|Any CPU
		{91295F31-05A9-4604-A801-DE1D14DC8330}.Release|Any CPU.ActiveCfg = Release|Any CPU
		{91295F31-05A9-4604-A801-DE1D14DC8330}.Release|Any CPU.Build.0 = Release|Any CPU
		{104173D8-B24D-4CF0-8383-B64CDB75A2DF}.Debug|Any CPU.ActiveCfg = Debug|Any CPU
		{104173D8-B24D-4CF0-8383-B64CDB75A2DF}.Debug|Any CPU.Build.0 = Debug|Any CPU
		{104173D8-B24D-4CF0-8383-B64CDB75A2DF}.Release|Any CPU.ActiveCfg = Release|Any CPU
		{104173D8-B24D-4CF0-8383-B64CDB75A2DF}.Release|Any CPU.Build.0 = Release|Any CPU
	EndGlobalSection
	GlobalSection(SolutionProperties) = preSolution
		HideSolutionNode = FALSE
	EndGlobalSection
	GlobalSection(ExtensibilityGlobals) = postSolution
		SolutionGuid = {23BE7F3D-2EE8-4D07-BD0C-F30E84D70661}
	EndGlobalSection
EndGlobal
